<?xml version="1.0" encoding="utf-8"?>
<Project ToolsVersion="4.0" xmlns="http://schemas.microsoft.com/developer/msbuild/2003">
  <ItemGroup>
    <Filter Include="Resource Files">
      <UniqueIdentifier>{67DA6AB6-F800-4c08-8B7A-83BB121AAD01}</UniqueIdentifier>
      <Extensions>rc;ico;cur;bmp;dlg;rc2;rct;bin;rgs;gif;jpg;jpeg;jpe;resx;tiff;tif;png;wav;mfcribbon-ms</Extensions>
    </Filter>
    <Filter Include="managers">
      <UniqueIdentifier>{1368dec2-4eb0-4ec2-9a34-f69efd32ca34}</UniqueIdentifier>
    </Filter>
    <Filter Include="managers\include">
      <UniqueIdentifier>{9ae613f9-1522-4be4-a44d-4b689f1f6c95}</UniqueIdentifier>
    </Filter>
    <Filter Include="managers\source">
      <UniqueIdentifier>{9fc5d67b-511b-445d-a90f-e606f4ff870a}</UniqueIdentifier>
    </Filter>
    <Filter Include="game">
      <UniqueIdentifier>{057625e5-8713-454e-bbac-1e0fa8a29a6b}</UniqueIdentifier>
    </Filter>
    <Filter Include="game\include">
      <UniqueIdentifier>{3f97e1af-7416-44ee-8204-0cc4b9c24422}</UniqueIdentifier>
    </Filter>
    <Filter Include="game\source">
      <UniqueIdentifier>{3cecc4f1-4f49-447e-a0d0-f23c66cfbfb6}</UniqueIdentifier>
    </Filter>
    <Filter Include="interfaces">
      <UniqueIdentifier>{dbcd66f9-4fc2-42f6-965a-125481cbf964}</UniqueIdentifier>
    </Filter>
    <Filter Include="commands">
      <UniqueIdentifier>{74a4b810-03f4-4eea-9206-3d981740829b}</UniqueIdentifier>
    </Filter>
    <Filter Include="commands\include">
      <UniqueIdentifier>{7101ad9a-4b66-42d2-95a1-b38be4798d02}</UniqueIdentifier>
    </Filter>
    <Filter Include="commands\source">
      <UniqueIdentifier>{c63d4319-dd11-4654-8630-cda361b93a31}</UniqueIdentifier>
    </Filter>
  </ItemGroup>
  <ItemGroup>
    <ClCompile Include="game\source\Game.cpp">
      <Filter>game\source</Filter>
    </ClCompile>
    <ClCompile Include="game\source\Game_Initialize.cpp">
      <Filter>game\source</Filter>
    </ClCompile>
    <ClCompile Include="game\source\Game_Update.cpp">
      <Filter>game\source</Filter>
    </ClCompile>
    <ClCompile Include="game\source\Game_Shutdown.cpp">
      <Filter>game\source</Filter>
    </ClCompile>
    <ClCompile Include="game\source\Game_Events.cpp">
      <Filter>game\source</Filter>
    </ClCompile>
    <ClCompile Include="game\source\Game_Render.cpp">
      <Filter>game\source</Filter>
    </ClCompile>
    <ClCompile Include="managers\source\SdlManager.cpp">
      <Filter>managers\source</Filter>
    </ClCompile>
    <ClCompile Include="managers\source\EventManager.cpp">
      <Filter>managers\source</Filter>
    </ClCompile>
  </ItemGroup>
  <ItemGroup>
    <ClInclude Include="game\include\Game.h">
      <Filter>game\include</Filter>
    </ClInclude>
    <ClInclude Include="managers\include\SdlManager.h">
      <Filter>managers\include</Filter>
    </ClInclude>
    <ClInclude Include="managers\include\EventManager.h">
      <Filter>managers\include</Filter>
    </ClInclude>
    <ClInclude Include="game\include\Striker.h">
      <Filter>game\include</Filter>
    </ClInclude>
    <ClInclude Include="managers\include\InputHandler.h">
      <Filter>managers\include</Filter>
    </ClInclude>
    <ClInclude Include="managers\include\ICommand.h">
      <Filter>interfaces</Filter>
    </ClInclude>
    <ClInclude Include="game\include\GameActor.h">
      <Filter>game\include</Filter>
    </ClInclude>
    <ClInclude Include="commands\include\WhackCommand.h">
      <Filter>commands\include</Filter>
    </ClInclude>
  </ItemGroup>
  <ItemGroup>
    <Image Include="assets\test\Icon_BoxingGlove_128.bmp">
      <Filter>Resource Files</Filter>
    </Image>
  </ItemGroup>
</Project>